// !$*UTF8*$!
{
	archiveVersion = 1;
	classes = {
	};
	objectVersion = 48;
	objects = {

/* Begin PBXBuildFile section */
		CA29D52C1F759DEB0004305C /* AppDelegate.swift in Sources */ = {isa = PBXBuildFile; fileRef = CA29D52B1F759DEB0004305C /* AppDelegate.swift */; };
		CA29D52E1F759DEB0004305C /* ViewController.swift in Sources */ = {isa = PBXBuildFile; fileRef = CA29D52D1F759DEB0004305C /* ViewController.swift */; };
		CA29D5311F759DEB0004305C /* Main.storyboard in Resources */ = {isa = PBXBuildFile; fileRef = CA29D52F1F759DEB0004305C /* Main.storyboard */; };
		CA29D5331F759DEB0004305C /* Assets.xcassets in Resources */ = {isa = PBXBuildFile; fileRef = CA29D5321F759DEB0004305C /* Assets.xcassets */; };
		CA29D5361F759DEB0004305C /* LaunchScreen.storyboard in Resources */ = {isa = PBXBuildFile; fileRef = CA29D5341F759DEB0004305C /* LaunchScreen.storyboard */; };
		CA29D5411F759DEB0004305C /* TableViewTestTests.swift in Sources */ = {isa = PBXBuildFile; fileRef = CA29D5401F759DEB0004305C /* TableViewTestTests.swift */; };
		CA29D54C1F759DEB0004305C /* TableViewTestUITests.swift in Sources */ = {isa = PBXBuildFile; fileRef = CA29D54B1F759DEB0004305C /* TableViewTestUITests.swift */; };
		CA29D55B1F759EAD0004305C /* TableViewController.swift in Sources */ = {isa = PBXBuildFile; fileRef = CA29D55A1F759EAD0004305C /* TableViewController.swift */; };
		CA29D55E1F75A5570004305C /* CustomCell.swift in Sources */ = {isa = PBXBuildFile; fileRef = CA29D55D1F75A5570004305C /* CustomCell.swift */; };
/* End PBXBuildFile section */

/* Begin PBXContainerItemProxy section */
		CA29D53D1F759DEB0004305C /* PBXContainerItemProxy */ = {
			isa = PBXContainerItemProxy;
			containerPortal = CA29D5201F759DEB0004305C /* Project object */;
			proxyType = 1;
			remoteGlobalIDString = CA29D5271F759DEB0004305C;
			remoteInfo = TableViewTest;
		};
		CA29D5481F759DEB0004305C /* PBXContainerItemProxy */ = {
			isa = PBXContainerItemProxy;
			containerPortal = CA29D5201F759DEB0004305C /* Project object */;
			proxyType = 1;
			remoteGlobalIDString = CA29D5271F759DEB0004305C;
			remoteInfo = TableViewTest;
		};
/* End PBXContainerItemProxy section */

/* Begin PBXFileReference section */
		CA29D5281F759DEB0004305C /* TableViewTest.app */ = {isa = PBXFileReference; explicitFileType = wrapper.application; includeInIndex = 0; path = TableViewTest.app; sourceTree = BUILT_PRODUCTS_DIR; };
		CA29D52B1F759DEB0004305C /* AppDelegate.swift */ = {isa = PBXFileReference; lastKnownFileType = sourcecode.swift; path = AppDelegate.swift; sourceTree = "<group>"; };
		CA29D52D1F759DEB0004305C /* ViewController.swift */ = {isa = PBXFileReference; lastKnownFileType = sourcecode.swift; path = ViewController.swift; sourceTree = "<group>"; };
		CA29D5301F759DEB0004305C /* Base */ = {isa = PBXFileReference; lastKnownFileType = file.storyboard; name = Base; path = Base.lproj/Main.storyboard; sourceTree = "<group>"; };
		CA29D5321F759DEB0004305C /* Assets.xcassets */ = {isa = PBXFileReference; lastKnownFileType = folder.assetcatalog; path = Assets.xcassets; sourceTree = "<group>"; };
		CA29D5351F759DEB0004305C /* Base */ = {isa = PBXFileReference; lastKnownFileType = file.storyboard; name = Base; path = Base.lproj/LaunchScreen.storyboard; sourceTree = "<group>"; };
		CA29D5371F759DEB0004305C /* Info.plist */ = {isa = PBXFileReference; lastKnownFileType = text.plist.xml; path = Info.plist; sourceTree = "<group>"; };
		CA29D53C1F759DEB0004305C /* TableViewTestTests.xctest */ = {isa = PBXFileReference; explicitFileType = wrapper.cfbundle; includeInIndex = 0; path = TableViewTestTests.xctest; sourceTree = BUILT_PRODUCTS_DIR; };
		CA29D5401F759DEB0004305C /* TableViewTestTests.swift */ = {isa = PBXFileReference; lastKnownFileType = sourcecode.swift; path = TableViewTestTests.swift; sourceTree = "<group>"; };
		CA29D5421F759DEB0004305C /* Info.plist */ = {isa = PBXFileReference; lastKnownFileType = text.plist.xml; path = Info.plist; sourceTree = "<group>"; };
		CA29D5471F759DEB0004305C /* TableViewTestUITests.xctest */ = {isa = PBXFileReference; explicitFileType = wrapper.cfbundle; includeInIndex = 0; path = TableViewTestUITests.xctest; sourceTree = BUILT_PRODUCTS_DIR; };
		CA29D54B1F759DEB0004305C /* TableViewTestUITests.swift */ = {isa = PBXFileReference; lastKnownFileType = sourcecode.swift; path = TableViewTestUITests.swift; sourceTree = "<group>"; };
		CA29D54D1F759DEB0004305C /* Info.plist */ = {isa = PBXFileReference; lastKnownFileType = text.plist.xml; path = Info.plist; sourceTree = "<group>"; };
		CA29D55A1F759EAD0004305C /* TableViewController.swift */ = {isa = PBXFileReference; lastKnownFileType = sourcecode.swift; path = TableViewController.swift; sourceTree = "<group>"; };
		CA29D55D1F75A5570004305C /* CustomCell.swift */ = {isa = PBXFileReference; lastKnownFileType = sourcecode.swift; path = CustomCell.swift; sourceTree = "<group>"; };
/* End PBXFileReference section */

/* Begin PBXFrameworksBuildPhase section */
		CA29D5251F759DEB0004305C /* Frameworks */ = {
			isa = PBXFrameworksBuildPhase;
			buildActionMask = 2147483647;
			files = (
			);
			runOnlyForDeploymentPostprocessing = 0;
		};
		CA29D5391F759DEB0004305C /* Frameworks */ = {
			isa = PBXFrameworksBuildPhase;
			buildActionMask = 2147483647;
			files = (
			);
			runOnlyForDeploymentPostprocessing = 0;
		};
		CA29D5441F759DEB0004305C /* Frameworks */ = {
			isa = PBXFrameworksBuildPhase;
			buildActionMask = 2147483647;
			files = (
			);
			runOnlyForDeploymentPostprocessing = 0;
		};
/* End PBXFrameworksBuildPhase section */

/* Begin PBXGroup section */
		CA29D51F1F759DEB0004305C = {
			isa = PBXGroup;
			children = (
				CA29D52A1F759DEB0004305C /* TableViewTest */,
				CA29D53F1F759DEB0004305C /* TableViewTestTests */,
				CA29D54A1F759DEB0004305C /* TableViewTestUITests */,
				CA29D5291F759DEB0004305C /* Products */,
			);
			sourceTree = "<group>";
		};
		CA29D5291F759DEB0004305C /* Products */ = {
			isa = PBXGroup;
			children = (
				CA29D5281F759DEB0004305C /* TableViewTest.app */,
				CA29D53C1F759DEB0004305C /* TableViewTestTests.xctest */,
				CA29D5471F759DEB0004305C /* TableViewTestUITests.xctest */,
			);
			name = Products;
			sourceTree = "<group>";
		};
		CA29D52A1F759DEB0004305C /* TableViewTest */ = {
			isa = PBXGroup;
			children = (
				CA29D55C1F75A5390004305C /* Views */,
				CA29D5591F759E3C0004305C /* Controllers */,
				CA29D52B1F759DEB0004305C /* AppDelegate.swift */,
				CA29D52F1F759DEB0004305C /* Main.storyboard */,
				CA29D5321F759DEB0004305C /* Assets.xcassets */,
				CA29D5341F759DEB0004305C /* LaunchScreen.storyboard */,
				CA29D5371F759DEB0004305C /* Info.plist */,
			);
			path = TableViewTest;
			sourceTree = "<group>";
		};
		CA29D53F1F759DEB0004305C /* TableViewTestTests */ = {
			isa = PBXGroup;
			children = (
				CA29D5401F759DEB0004305C /* TableViewTestTests.swift */,
				CA29D5421F759DEB0004305C /* Info.plist */,
			);
			path = TableViewTestTests;
			sourceTree = "<group>";
		};
		CA29D54A1F759DEB0004305C /* TableViewTestUITests */ = {
			isa = PBXGroup;
			children = (
				CA29D54B1F759DEB0004305C /* TableViewTestUITests.swift */,
				CA29D54D1F759DEB0004305C /* Info.plist */,
			);
			path = TableViewTestUITests;
			sourceTree = "<group>";
		};
		CA29D5591F759E3C0004305C /* Controllers */ = {
			isa = PBXGroup;
			children = (
				CA29D52D1F759DEB0004305C /* ViewController.swift */,
				CA29D55A1F759EAD0004305C /* TableViewController.swift */,
			);
			path = Controllers;
			sourceTree = "<group>";
		};
		CA29D55C1F75A5390004305C /* Views */ = {
			isa = PBXGroup;
			children = (
				CA29D55D1F75A5570004305C /* CustomCell.swift */,
			);
			path = Views;
			sourceTree = "<group>";
		};
/* End PBXGroup section */

/* Begin PBXNativeTarget section */
		CA29D5271F759DEB0004305C /* TableViewTest */ = {
			isa = PBXNativeTarget;
			buildConfigurationList = CA29D5501F759DEB0004305C /* Build configuration list for PBXNativeTarget "TableViewTest" */;
			buildPhases = (
				CA29D5241F759DEB0004305C /* Sources */,
				CA29D5251F759DEB0004305C /* Frameworks */,
				CA29D5261F759DEB0004305C /* Resources */,
			);
			buildRules = (
			);
			dependencies = (
			);
			name = TableViewTest;
			productName = TableViewTest;
			productReference = CA29D5281F759DEB0004305C /* TableViewTest.app */;
			productType = "com.apple.product-type.application";
		};
		CA29D53B1F759DEB0004305C /* TableViewTestTests */ = {
			isa = PBXNativeTarget;
			buildConfigurationList = CA29D5531F759DEB0004305C /* Build configuration list for PBXNativeTarget "TableViewTestTests" */;
			buildPhases = (
				CA29D5381F759DEB0004305C /* Sources */,
				CA29D5391F759DEB0004305C /* Frameworks */,
				CA29D53A1F759DEB0004305C /* Resources */,
			);
			buildRules = (
			);
			dependencies = (
				CA29D53E1F759DEB0004305C /* PBXTargetDependency */,
			);
			name = TableViewTestTests;
			productName = TableViewTestTests;
			productReference = CA29D53C1F759DEB0004305C /* TableViewTestTests.xctest */;
			productType = "com.apple.product-type.bundle.unit-test";
		};
		CA29D5461F759DEB0004305C /* TableViewTestUITests */ = {
			isa = PBXNativeTarget;
			buildConfigurationList = CA29D5561F759DEB0004305C /* Build configuration list for PBXNativeTarget "TableViewTestUITests" */;
			buildPhases = (
				CA29D5431F759DEB0004305C /* Sources */,
				CA29D5441F759DEB0004305C /* Frameworks */,
				CA29D5451F759DEB0004305C /* Resources */,
			);
			buildRules = (
			);
			dependencies = (
				CA29D5491F759DEB0004305C /* PBXTargetDependency */,
			);
			name = TableViewTestUITests;
			productName = TableViewTestUITests;
			productReference = CA29D5471F759DEB0004305C /* TableViewTestUITests.xctest */;
			productType = "com.apple.product-type.bundle.ui-testing";
		};
/* End PBXNativeTarget section */

/* Begin PBXProject section */
		CA29D5201F759DEB0004305C /* Project object */ = {
			isa = PBXProject;
			attributes = {
				LastSwiftUpdateCheck = 0900;
				LastUpgradeCheck = 0900;
				ORGANIZATIONNAME = Chrysalis;
				TargetAttributes = {
					CA29D5271F759DEB0004305C = {
						CreatedOnToolsVersion = 9.0;
						ProvisioningStyle = Automatic;
					};
					CA29D53B1F759DEB0004305C = {
						CreatedOnToolsVersion = 9.0;
						ProvisioningStyle = Automatic;
						TestTargetID = CA29D5271F759DEB0004305C;
					};
					CA29D5461F759DEB0004305C = {
						CreatedOnToolsVersion = 9.0;
						ProvisioningStyle = Automatic;
						TestTargetID = CA29D5271F759DEB0004305C;
					};
				};
			};
			buildConfigurationList = CA29D5231F759DEB0004305C /* Build configuration list for PBXProject "TableViewTest" */;
			compatibilityVersion = "Xcode 8.0";
			developmentRegion = en;
			hasScannedForEncodings = 0;
			knownRegions = (
				en,
				Base,
			);
			mainGroup = CA29D51F1F759DEB0004305C;
			productRefGroup = CA29D5291F759DEB0004305C /* Products */;
			projectDirPath = "";
			projectRoot = "";
			targets = (
				CA29D5271F759DEB0004305C /* TableViewTest */,
				CA29D53B1F759DEB0004305C /* TableViewTestTests */,
				CA29D5461F759DEB0004305C /* TableViewTestUITests */,
			);
		};
/* End PBXProject section */

/* Begin PBXResourcesBuildPhase section */
		CA29D5261F759DEB0004305C /* Resources */ = {
			isa = PBXResourcesBuildPhase;
			buildActionMask = 2147483647;
			files = (
				CA29D5361F759DEB0004305C /* LaunchScreen.storyboard in Resources */,
				CA29D5331F759DEB0004305C /* Assets.xcassets in Resources */,
				CA29D5311F759DEB0004305C /* Main.storyboard in Resources */,
			);
			runOnlyForDeploymentPostprocessing = 0;
		};
		CA29D53A1F759DEB0004305C /* Resources */ = {
			isa = PBXResourcesBuildPhase;
			buildActionMask = 2147483647;
			files = (
			);
			runOnlyForDeploymentPostprocessing = 0;
		};
		CA29D5451F759DEB0004305C /* Resources */ = {
			isa = PBXResourcesBuildPhase;
			buildActionMask = 2147483647;
			files = (
			);
			runOnlyForDeploymentPostprocessing = 0;
		};
/* End PBXResourcesBuildPhase section */

/* Begin PBXSourcesBuildPhase section */
		CA29D5241F759DEB0004305C /* Sources */ = {
			isa = PBXSourcesBuildPhase;
			buildActionMask = 2147483647;
			files = (
				CA29D52E1F759DEB0004305C /* ViewController.swift in Sources */,
				CA29D55B1F759EAD0004305C /* TableViewController.swift in Sources */,
				CA29D55E1F75A5570004305C /* CustomCell.swift in Sources */,
				CA29D52C1F759DEB0004305C /* AppDelegate.swift in Sources */,
			);
			runOnlyForDeploymentPostprocessing = 0;
		};
		CA29D5381F759DEB0004305C /* Sources */ = {
			isa = PBXSourcesBuildPhase;
			buildActionMask = 2147483647;
			files = (
				CA29D5411F759DEB0004305C /* TableViewTestTests.swift in Sources */,
			);
			runOnlyForDeploymentPostprocessing = 0;
		};
		CA29D5431F759DEB0004305C /* Sources */ = {
			isa = PBXSourcesBuildPhase;
			buildActionMask = 2147483647;
			files = (
				CA29D54C1F759DEB0004305C /* TableViewTestUITests.swift in Sources */,
			);
			runOnlyForDeploymentPostprocessing = 0;
		};
/* End PBXSourcesBuildPhase section */

/* Begin PBXTargetDependency section */
		CA29D53E1F759DEB0004305C /* PBXTargetDependency */ = {
			isa = PBXTargetDependency;
			target = CA29D5271F759DEB0004305C /* TableViewTest */;
			targetProxy = CA29D53D1F759DEB0004305C /* PBXContainerItemProxy */;
		};
		CA29D5491F759DEB0004305C /* PBXTargetDependency */ = {
			isa = PBXTargetDependency;
			target = CA29D5271F759DEB0004305C /* TableViewTest */;
			targetProxy = CA29D5481F759DEB0004305C /* PBXContainerItemProxy */;
		};
/* End PBXTargetDependency section */

/* Begin PBXVariantGroup section */
		CA29D52F1F759DEB0004305C /* Main.storyboard */ = {
			isa = PBXVariantGroup;
			children = (
				CA29D5301F759DEB0004305C /* Base */,
			);
			name = Main.storyboard;
			sourceTree = "<group>";
		};
		CA29D5341F759DEB0004305C /* LaunchScreen.storyboard */ = {
			isa = PBXVariantGroup;
			children = (
				CA29D5351F759DEB0004305C /* Base */,
			);
			name = LaunchScreen.storyboard;
			sourceTree = "<group>";
		};
/* End PBXVariantGroup section */

/* Begin XCBuildConfiguration section */
		CA29D54E1F759DEB0004305C /* Debug */ = {
			isa = XCBuildConfiguration;
			buildSettings = {
				ALWAYS_SEARCH_USER_PATHS = NO;
				CLANG_ANALYZER_NONNULL = YES;
				CLANG_ANALYZER_NUMBER_OBJECT_CONVERSION = YES_AGGRESSIVE;
				CLANG_CXX_LANGUAGE_STANDARD = "gnu++14";
				CLANG_CXX_LIBRARY = "libc++";
				CLANG_ENABLE_MODULES = YES;
				CLANG_ENABLE_OBJC_ARC = YES;
				CLANG_WARN_BLOCK_CAPTURE_AUTORELEASING = YES;
				CLANG_WARN_BOOL_CONVERSION = YES;
				CLANG_WARN_COMMA = YES;
				CLANG_WARN_CONSTANT_CONVERSION = YES;
				CLANG_WARN_DIRECT_OBJC_ISA_USAGE = YES_ERROR;
				CLANG_WARN_DOCUMENTATION_COMMENTS = YES;
				CLANG_WARN_EMPTY_BODY = YES;
				CLANG_WARN_ENUM_CONVERSION = YES;
				CLANG_WARN_INFINITE_RECURSION = YES;
				CLANG_WARN_INT_CONVERSION = YES;
				CLANG_WARN_NON_LITERAL_NULL_CONVERSION = YES;
				CLANG_WARN_OBJC_LITERAL_CONVERSION = YES;
				CLANG_WARN_OBJC_ROOT_CLASS = YES_ERROR;
				CLANG_WARN_RANGE_LOOP_ANALYSIS = YES;
				CLANG_WARN_STRICT_PROTOTYPES = YES;
				CLANG_WARN_SUSPICIOUS_MOVE = YES;
				CLANG_WARN_UNGUARDED_AVAILABILITY = YES_AGGRESSIVE;
				CLANG_WARN_UNREACHABLE_CODE = YES;
				CLANG_WARN__DUPLICATE_METHOD_MATCH = YES;
				CODE_SIGN_IDENTITY = "iPhone Developer";
				COPY_PHASE_STRIP = NO;
				DEBUG_INFORMATION_FORMAT = dwarf;
				ENABLE_STRICT_OBJC_MSGSEND = YES;
				ENABLE_TESTABILITY = YES;
				GCC_C_LANGUAGE_STANDARD = gnu11;
				GCC_DYNAMIC_NO_PIC = NO;
				GCC_NO_COMMON_BLOCKS = YES;
				GCC_OPTIMIZATION_LEVEL = 0;
				GCC_PREPROCESSOR_DEFINITIONS = (
					"DEBUG=1",
					"$(inherited)",
				);
				GCC_WARN_64_TO_32_BIT_CONVERSION = YES;
				GCC_WARN_ABOUT_RETURN_TYPE = YES_ERROR;
				GCC_WARN_UNDECLARED_SELECTOR = YES;
				GCC_WARN_UNINITIALIZED_AUTOS = YES_AGGRESSIVE;
				GCC_WARN_UNUSED_FUNCTION = YES;
				GCC_WARN_UNUSED_VARIABLE = YES;
				IPHONEOS_DEPLOYMENT_TARGET = 11.0;
				MTL_ENABLE_DEBUG_INFO = YES;
				ONLY_ACTIVE_ARCH = YES;
				SDKROOT = iphoneos;
				SWIFT_ACTIVE_COMPILATION_CONDITIONS = DEBUG;
				SWIFT_OPTIMIZATION_LEVEL = "-Onone";
			};
			name = Debug;
		};
		CA29D54F1F759DEB0004305C /* Release */ = {
			isa = XCBuildConfiguration;
			buildSettings = {
				ALWAYS_SEARCH_USER_PATHS = NO;
				CLANG_ANALYZER_NONNULL = YES;
				CLANG_ANALYZER_NUMBER_OBJECT_CONVERSION = YES_AGGRESSIVE;
				CLANG_CXX_LANGUAGE_STANDARD = "gnu++14";
				CLANG_CXX_LIBRARY = "libc++";
				CLANG_ENABLE_MODULES = YES;
				CLANG_ENABLE_OBJC_ARC = YES;
				CLANG_WARN_BLOCK_CAPTURE_AUTORELEASING = YES;
				CLANG_WARN_BOOL_CONVERSION = YES;
				CLANG_WARN_COMMA = YES;
				CLANG_WARN_CONSTANT_CONVERSION = YES;
				CLANG_WARN_DIRECT_OBJC_ISA_USAGE = YES_ERROR;
				CLANG_WARN_DOCUMENTATION_COMMENTS = YES;
				CLANG_WARN_EMPTY_BODY = YES;
				CLANG_WARN_ENUM_CONVERSION = YES;
				CLANG_WARN_INFINITE_RECURSION = YES;
				CLANG_WARN_INT_CONVERSION = YES;
				CLANG_WARN_NON_LITERAL_NULL_CONVERSION = YES;
				CLANG_WARN_OBJC_LITERAL_CONVERSION = YES;
				CLANG_WARN_OBJC_ROOT_CLASS = YES_ERROR;
				CLANG_WARN_RANGE_LOOP_ANALYSIS = YES;
				CLANG_WARN_STRICT_PROTOTYPES = YES;
				CLANG_WARN_SUSPICIOUS_MOVE = YES;
				CLANG_WARN_UNGUARDED_AVAILABILITY = YES_AGGRESSIVE;
				CLANG_WARN_UNREACHABLE_CODE = YES;
				CLANG_WARN__DUPLICATE_METHOD_MATCH = YES;
				CODE_SIGN_IDENTITY = "iPhone Developer";
				COPY_PHASE_STRIP = NO;
				DEBUG_INFORMATION_FORMAT = "dwarf-with-dsym";
				ENABLE_NS_ASSERTIONS = NO;
				ENABLE_STRICT_OBJC_MSGSEND = YES;
				GCC_C_LANGUAGE_STANDARD = gnu11;
				GCC_NO_COMMON_BLOCKS = YES;
				GCC_WARN_64_TO_32_BIT_CONVERSION = YES;
				GCC_WARN_ABOUT_RETURN_TYPE = YES_ERROR;
				GCC_WARN_UNDECLARED_SELECTOR = YES;
				GCC_WARN_UNINITIALIZED_AUTOS = YES_AGGRESSIVE;
				GCC_WARN_UNUSED_FUNCTION = YES;
				GCC_WARN_UNUSED_VARIABLE = YES;
				IPHONEOS_DEPLOYMENT_TARGET = 11.0;
				MTL_ENABLE_DEBUG_INFO = NO;
				SDKROOT = iphoneos;
				SWIFT_OPTIMIZATION_LEVEL = "-Owholemodule";
				VALIDATE_PRODUCT = YES;
			};
			name = Release;
		};
		CA29D5511F759DEB0004305C /* Debug */ = {
			isa = XCBuildConfiguration;
			buildSettings = {
				ASSETCATALOG_COMPILER_APPICON_NAME = AppIcon;
				CODE_SIGN_STYLE = Automatic;
				DEVELOPMENT_TEAM = XCKL3W4H78;
				INFOPLIST_FILE = TableViewTest/Info.plist;
				LD_RUNPATH_SEARCH_PATHS = "$(inherited) @executable_path/Frameworks";
				PRODUCT_BUNDLE_IDENTIFIER = chrysalis.TableViewTest;
				PRODUCT_NAME = "$(TARGET_NAME)";
				SWIFT_VERSION = 4.0;
				TARGETED_DEVICE_FAMILY = "1,2";
			};
			name = Debug;
		};
		CA29D5521F759DEB0004305C /* Release */ = {
			isa = XCBuildConfiguration;
			buildSettings = {
				ASSETCATALOG_COMPILER_APPICON_NAME = AppIcon;
				CODE_SIGN_STYLE = Automatic;
				DEVELOPMENT_TEAM = XCKL3W4H78;
				INFOPLIST_FILE = TableViewTest/Info.plist;
				LD_RUNPATH_SEARCH_PATHS = "$(inherited) @executable_path/Frameworks";
				PRODUCT_BUNDLE_IDENTIFIER = chrysalis.TableViewTest;
				PRODUCT_NAME = "$(TARGET_NAME)";
				SWIFT_VERSION = 4.0;
				TARGETED_DEVICE_FAMILY = "1,2";
			};
			name = Release;
		};
		CA29D5541F759DEB0004305C /* Debug */ = {
			isa = XCBuildConfiguration;
			buildSettings = {
				ALWAYS_EMBED_SWIFT_STANDARD_LIBRARIES = YES;
				BUNDLE_LOADER = "$(TEST_HOST)";
				CODE_SIGN_STYLE = Automatic;
				DEVELOPMENT_TEAM = XCKL3W4H78;
				INFOPLIST_FILE = TableViewTestTests/Info.plist;
				LD_RUNPATH_SEARCH_PATHS = "$(inherited) @executable_path/Frameworks @loader_path/Frameworks";
				PRODUCT_BUNDLE_IDENTIFIER = chrysalis.TableViewTestTests;
				PRODUCT_NAME = "$(TARGET_NAME)";
				SWIFT_VERSION = 4.0;
				TARGETED_DEVICE_FAMILY = "1,2";
				TEST_HOST = "$(BUILT_PRODUCTS_DIR)/TableViewTest.app/TableViewTest";
			};
			name = Debug;
		};
		CA29D5551F759DEB0004305C /* Release */ = {
			isa = XCBuildConfiguration;
			buildSettings = {
				ALWAYS_EMBED_SWIFT_STANDARD_LIBRARIES = YES;
				BUNDLE_LOADER = "$(TEST_HOST)";
				CODE_SIGN_STYLE = Automatic;
				DEVELOPMENT_TEAM = XCKL3W4H78;
				INFOPLIST_FILE = TableViewTestTests/Info.plist;
				LD_RUNPATH_SEARCH_PATHS = "$(inherited) @executable_path/Frameworks @loader_path/Frameworks";
				PRODUCT_BUNDLE_IDENTIFIER = chrysalis.TableViewTestTests;
				PRODUCT_NAME = "$(TARGET_NAME)";
				SWIFT_VERSION = 4.0;
				TARGETED_DEVICE_FAMILY = "1,2";
				TEST_HOST = "$(BUILT_PRODUCTS_DIR)/TableViewTest.app/TableViewTest";
			};
			name = Release;
		};
		CA29D5571F759DEB0004305C /* Debug */ = {
			isa = XCBuildConfiguration;
			buildSettings = {
				ALWAYS_EMBED_SWIFT_STANDARD_LIBRARIES = YES;
				CODE_SIGN_STYLE = Automatic;
				DEVELOPMENT_TEAM = XCKL3W4H78;
				INFOPLIST_FILE = TableViewTestUITests/Info.plist;
				LD_RUNPATH_SEARCH_PATHS = "$(inherited) @executable_path/Frameworks @loader_path/Frameworks";
				PRODUCT_BUNDLE_IDENTIFIER = chrysalis.TableViewTestUITests;
				PRODUCT_NAME = "$(TARGET_NAME)";
				SWIFT_VERSION = 4.0;
				TARGETED_DEVICE_FAMILY = "1,2";
				TEST_TARGET_NAME = TableViewTest;
			};
			name = Debug;
		};
		CA29D5581F759DEB0004305C /* Release */ = {
			isa = XCBuildConfiguration;
			buildSettings = {
				ALWAYS_EMBED_SWIFT_STANDARD_LIBRARIES = YES;
				CODE_SIGN_STYLE = Automatic;
				DEVELOPMENT_TEAM = XCKL3W4H78;
				INFOPLIST_FILE = TableViewTestUITests/Info.plist;
				LD_RUNPATH_SEARCH_PATHS = "$(inherited) @executable_path/Frameworks @loader_path/Frameworks";
				PRODUCT_BUNDLE_IDENTIFIER = chrysalis.TableViewTestUITests;
				PRODUCT_NAME = "$(TARGET_NAME)";
				SWIFT_VERSION = 4.0;
				TARGETED_DEVICE_FAMILY = "1,2";
				TEST_TARGET_NAME = TableViewTest;
			};
			name = Release;
		};
/* End XCBuildConfiguration section */

/* Begin XCConfigurationList section */
		CA29D5231F759DEB0004305C /* Build configuration list for PBXProject "TableViewTest" */ = {
			isa = XCConfigurationList;
			buildConfigurations = (
				CA29D54E1F759DEB0004305C /* Debug */,
				CA29D54F1F759DEB0004305C /* Release */,
			);
			defaultConfigurationIsVisible = 0;
			defaultConfigurationName = Release;
		};
		CA29D5501F759DEB0004305C /* Build configuration list for PBXNativeTarget "TableViewTest" */ = {
			isa = XCConfigurationList;
			buildConfigurations = (
				CA29D5511F759DEB0004305C /* Debug */,
				CA29D5521F759DEB0004305C /* Release */,
			);
			defaultConfigurationIsVisible = 0;
			defaultConfigurationName = Release;
		};
		CA29D5531F759DEB0004305C /* Build configuration list for PBXNativeTarget "TableViewTestTests" */ = {
			isa = XCConfigurationList;
			buildConfigurations = (
				CA29D5541F759DEB0004305C /* Debug */,
				CA29D5551F759DEB0004305C /* Release */,
			);
			defaultConfigurationIsVisible = 0;
			defaultConfigurationName = Release;
		};
		CA29D5561F759DEB0004305C /* Build configuration list for PBXNativeTarget "TableViewTestUITests" */ = {
			isa = XCConfigurationList;
			buildConfigurations = (
				CA29D5571F759DEB0004305C /* Debug */,
				CA29D5581F759DEB0004305C /* Release */,
			);
			defaultConfigurationIsVisible = 0;
			defaultConfigurationName = Release;
		};
/* End XCConfigurationList section */
	};
	rootObject = CA29D5201F759DEB0004305C /* Project object */;
}
